
Microsoft Visual Studio Solution File, Format Version 12.00
# Visual Studio Version 17
VisualStudioVersion = 17.4.33205.214
MinimumVisualStudioVersion = 10.0.40219.1
Project("{FAE04EC0-301F-11D3-BF4B-00C04F79EFBC}") = "AwesomeDevEvents.API", "AwesomeDevEvents.API\AwesomeDevEvents.API.csproj", "{C3783944-ADA3-4E29-B164-E35BDFEB0568}"
EndProject
Global
	GlobalSection(SolutionConfigurationPlatforms) = preSolution
		Debug|Any CPU = Debug|Any CPU
		Release|Any CPU = Release|Any CPU
	EndGlobalSection
	GlobalSection(ProjectConfigurationPlatforms) = postSolution
		{C3783944-ADA3-4E29-B164-E35BDFEB0568}.Debug|Any CPU.ActiveCfg = Debug|Any CPU
		{C3783944-ADA3-4E29-B164-E35BDFEB0568}.Debug|Any CPU.Build.0 = Debug|Any CPU
		{C3783944-ADA3-4E29-B164-E35BDFEB0568}.Release|Any CPU.ActiveCfg = Release|Any CPU
		{C3783944-ADA3-4E29-B164-E35BDFEB0568}.Release|Any CPU.Build.0 = Release|Any CPU
	EndGlobalSection
	GlobalSection(SolutionProperties) = preSolution
		HideSolutionNode = FALSE
	EndGlobalSection
	GlobalSection(ExtensibilityGlobals) = postSolution
		SolutionGuid = {ED2705E2-F9EC-4D34-93DA-0A7E1083F68E}
	EndGlobalSection
EndGlobal
